// !$*UTF8*$!
{
	archiveVersion = 1;
	classes = {
	};
	objectVersion = 50;
	objects = {

/* Begin PBXBuildFile section */
		FA221F0221EE5B6700CA1616 /* EmployeeInfoViewModel.swift in Sources */ = {isa = PBXBuildFile; fileRef = FA221F0121EE5B6700CA1616 /* EmployeeInfoViewModel.swift */; };
		FA221F0421EE5BDB00CA1616 /* EmployeeInfoController.swift in Sources */ = {isa = PBXBuildFile; fileRef = FA221F0321EE5BDB00CA1616 /* EmployeeInfoController.swift */; };
		FA221F0621EF3CFD00CA1616 /* APIAuthPin.swift in Sources */ = {isa = PBXBuildFile; fileRef = FA221F0521EF3CFD00CA1616 /* APIAuthPin.swift */; };
		FA221F0821EF402F00CA1616 /* LoginController.swift in Sources */ = {isa = PBXBuildFile; fileRef = FA221F0721EF402F00CA1616 /* LoginController.swift */; };
		FA221F1121EF5F5D00CA1616 /* KeychainItemAccessibility.swift in Sources */ = {isa = PBXBuildFile; fileRef = FA221F0F21EF5F5D00CA1616 /* KeychainItemAccessibility.swift */; };
		FA221F1221EF5F5D00CA1616 /* KeychainWrapper.swift in Sources */ = {isa = PBXBuildFile; fileRef = FA221F1021EF5F5D00CA1616 /* KeychainWrapper.swift */; };
		FA2230C821D3B77700D602A7 /* WorklogType.swift in Sources */ = {isa = PBXBuildFile; fileRef = FA2230C721D3B77700D602A7 /* WorklogType.swift */; };
		FA2230CA21D3C48700D602A7 /* APIWorklogTypes.swift in Sources */ = {isa = PBXBuildFile; fileRef = FA2230C921D3C48700D602A7 /* APIWorklogTypes.swift */; };
		FA2230CC21D3C50700D602A7 /* APIWorklogType.swift in Sources */ = {isa = PBXBuildFile; fileRef = FA2230CB21D3C50700D602A7 /* APIWorklogType.swift */; };
		FA2230CE21D3C73C00D602A7 /* Equatable+oneOf.swift in Sources */ = {isa = PBXBuildFile; fileRef = FA2230CD21D3C73C00D602A7 /* Equatable+oneOf.swift */; };
		FA2230D021D3C91B00D602A7 /* WorklogTypesController.swift in Sources */ = {isa = PBXBuildFile; fileRef = FA2230CF21D3C91B00D602A7 /* WorklogTypesController.swift */; };
		FA2230D221D3CC1500D602A7 /* WorklogTypesViewModel.swift in Sources */ = {isa = PBXBuildFile; fileRef = FA2230D121D3CC1500D602A7 /* WorklogTypesViewModel.swift */; };
		FA2230D421D3CCD400D602A7 /* WorklogTypesCellViewModel.swift in Sources */ = {isa = PBXBuildFile; fileRef = FA2230D321D3CCD400D602A7 /* WorklogTypesCellViewModel.swift */; };
		FA2230D621D3E65300D602A7 /* WorklogTypesCell.swift in Sources */ = {isa = PBXBuildFile; fileRef = FA2230D521D3E65300D602A7 /* WorklogTypesCell.swift */; };
		FA3093A521C3DA1300A3B417 /* AppDelegate.swift in Sources */ = {isa = PBXBuildFile; fileRef = FA3093A421C3DA1300A3B417 /* AppDelegate.swift */; };
		FA3093A721C3DA1300A3B417 /* TasksController.swift in Sources */ = {isa = PBXBuildFile; fileRef = FA3093A621C3DA1300A3B417 /* TasksController.swift */; };
		FA3093AA21C3DA1300A3B417 /* Main.storyboard in Resources */ = {isa = PBXBuildFile; fileRef = FA3093A821C3DA1300A3B417 /* Main.storyboard */; };
		FA3093AF21C3DA1400A3B417 /* LaunchScreen.storyboard in Resources */ = {isa = PBXBuildFile; fileRef = FA3093AD21C3DA1400A3B417 /* LaunchScreen.storyboard */; };
		FA3093BE21C3E43500A3B417 /* NetworkManager.swift in Sources */ = {isa = PBXBuildFile; fileRef = FA3093BD21C3E43500A3B417 /* NetworkManager.swift */; };
		FA679A3C21D0E93B00FA6B93 /* SubmitView.swift in Sources */ = {isa = PBXBuildFile; fileRef = FA679A3B21D0E93B00FA6B93 /* SubmitView.swift */; };
		FA679A3F21D0EAF600FA6B93 /* SubmitViewViewModel.swift in Sources */ = {isa = PBXBuildFile; fileRef = FA679A3E21D0EAF600FA6B93 /* SubmitViewViewModel.swift */; };
		FA679A4221D11B0D00FA6B93 /* SubmitButton.swift in Sources */ = {isa = PBXBuildFile; fileRef = FA679A4121D11B0D00FA6B93 /* SubmitButton.swift */; };
		FA679A4421D11B6600FA6B93 /* SubmitButtonViewModel.swift in Sources */ = {isa = PBXBuildFile; fileRef = FA679A4321D11B6600FA6B93 /* SubmitButtonViewModel.swift */; };
		FA679A4621D134DD00FA6B93 /* PickerDelegateProtocol.swift in Sources */ = {isa = PBXBuildFile; fileRef = FA679A4521D134DD00FA6B93 /* PickerDelegateProtocol.swift */; };
		FA685F3E21DCDDE2004D029F /* APISuccessResponse.swift in Sources */ = {isa = PBXBuildFile; fileRef = FA685F3D21DCDDE2004D029F /* APISuccessResponse.swift */; };
		FA6ED6DF21EC9AEC00727E1F /* Employee.swift in Sources */ = {isa = PBXBuildFile; fileRef = FA6ED6DE21EC9AEC00727E1F /* Employee.swift */; };
		FA6ED6E121EC9B2A00727E1F /* APIEmployee.swift in Sources */ = {isa = PBXBuildFile; fileRef = FA6ED6E021EC9B2A00727E1F /* APIEmployee.swift */; };
		FA6ED6E321ECB05C00727E1F /* APIEmployeeFlags.swift in Sources */ = {isa = PBXBuildFile; fileRef = FA6ED6E221ECB05C00727E1F /* APIEmployeeFlags.swift */; };
		FA6ED6E521ECDD2800727E1F /* EmployeeCell.swift in Sources */ = {isa = PBXBuildFile; fileRef = FA6ED6E421ECDD2800727E1F /* EmployeeCell.swift */; };
		FA6ED6E721EDCD7900727E1F /* EmployeesViewModel.swift in Sources */ = {isa = PBXBuildFile; fileRef = FA6ED6E621EDCD7900727E1F /* EmployeesViewModel.swift */; };
		FA6ED6E921EDCF7F00727E1F /* EmployeeCellViewModel.swift in Sources */ = {isa = PBXBuildFile; fileRef = FA6ED6E821EDCF7F00727E1F /* EmployeeCellViewModel.swift */; };
		FA6FC52F21E611D8001BD85A /* APIResponse.swift in Sources */ = {isa = PBXBuildFile; fileRef = FA6FC52E21E611D8001BD85A /* APIResponse.swift */; };
		FA6FC53121E74CAA001BD85A /* TaskInfoController.swift in Sources */ = {isa = PBXBuildFile; fileRef = FA6FC53021E74CAA001BD85A /* TaskInfoController.swift */; };
		FA6FC53321E77D73001BD85A /* APITaskProject.swift in Sources */ = {isa = PBXBuildFile; fileRef = FA6FC53221E77D73001BD85A /* APITaskProject.swift */; };
		FA6FC53521E8A0CE001BD85A /* UIAlertController+tintColor.swift in Sources */ = {isa = PBXBuildFile; fileRef = FA6FC53421E8A0CE001BD85A /* UIAlertController+tintColor.swift */; };
		FA6FC53721E8D093001BD85A /* TaskInfoViewModel.swift in Sources */ = {isa = PBXBuildFile; fileRef = FA6FC53621E8D093001BD85A /* TaskInfoViewModel.swift */; };
		FAB8BFF521EA6A510092654D /* EmployeesController.swift in Sources */ = {isa = PBXBuildFile; fileRef = FAB8BFF421EA6A510092654D /* EmployeesController.swift */; };
		FAC9035621F5F51F00FBE62B /* UINavigationController+alert.swift in Sources */ = {isa = PBXBuildFile; fileRef = FAC9035521F5F51F00FBE62B /* UINavigationController+alert.swift */; };
		FAD4E36B21F0BFD9001CCC79 /* AppStyle.swift in Sources */ = {isa = PBXBuildFile; fileRef = FAD4E36A21F0BFD9001CCC79 /* AppStyle.swift */; };
		FAD76B4621C7E02B0034F614 /* APIAuthHash.swift in Sources */ = {isa = PBXBuildFile; fileRef = FAD76B4521C7E02B0034F614 /* APIAuthHash.swift */; };
		FAD76B4821C7E0620034F614 /* APIAuthToken.swift in Sources */ = {isa = PBXBuildFile; fileRef = FAD76B4721C7E0620034F614 /* APIAuthToken.swift */; };
		FAD76B4A21C7E8290034F614 /* Task.swift in Sources */ = {isa = PBXBuildFile; fileRef = FAD76B4921C7E8290034F614 /* Task.swift */; };
		FAD76B4F21C7EB410034F614 /* APITask.swift in Sources */ = {isa = PBXBuildFile; fileRef = FAD76B4E21C7EB410034F614 /* APITask.swift */; };
		FAD76B5121C7EBA00034F614 /* APITaskBase.swift in Sources */ = {isa = PBXBuildFile; fileRef = FAD76B5021C7EBA00034F614 /* APITaskBase.swift */; };
		FAD76B5321C805570034F614 /* APITaskID.swift in Sources */ = {isa = PBXBuildFile; fileRef = FAD76B5221C805570034F614 /* APITaskID.swift */; };
		FAD76B5521C8FFB20034F614 /* UINavigationBar+childForStatusBarStyle.swift in Sources */ = {isa = PBXBuildFile; fileRef = FAD76B5421C8FFB20034F614 /* UINavigationBar+childForStatusBarStyle.swift */; };
		FAD76B5721C901C60034F614 /* TaskCell.swift in Sources */ = {isa = PBXBuildFile; fileRef = FAD76B5621C901C60034F614 /* TaskCell.swift */; };
		FAD76B5C21C9583F0034F614 /* APITaskExtra.swift in Sources */ = {isa = PBXBuildFile; fileRef = FAD76B5B21C9583F0034F614 /* APITaskExtra.swift */; };
		FAD76B6021CA8D000034F614 /* TasksViewModel.swift in Sources */ = {isa = PBXBuildFile; fileRef = FAD76B5F21CA8D000034F614 /* TasksViewModel.swift */; };
		FAD76B6221CA8D590034F614 /* TaskCellViewModel.swift in Sources */ = {isa = PBXBuildFile; fileRef = FAD76B6121CA8D590034F614 /* TaskCellViewModel.swift */; };
		FAD76B6421CAAE160034F614 /* Box.swift in Sources */ = {isa = PBXBuildFile; fileRef = FAD76B6321CAAE160034F614 /* Box.swift */; };
		FAD76B8621CD184D0034F614 /* WorklogController.swift in Sources */ = {isa = PBXBuildFile; fileRef = FAD76B8521CD184D0034F614 /* WorklogController.swift */; };
		FAD76B8821CD24DD0034F614 /* WorklogTaskCell.swift in Sources */ = {isa = PBXBuildFile; fileRef = FAD76B8721CD24DD0034F614 /* WorklogTaskCell.swift */; };
		FAD76B8A21CD25030034F614 /* WorklogDetailsCell.swift in Sources */ = {isa = PBXBuildFile; fileRef = FAD76B8921CD25030034F614 /* WorklogDetailsCell.swift */; };
		FAD76B8C21CD251A0034F614 /* WorkLogTimePickerCell.swift in Sources */ = {isa = PBXBuildFile; fileRef = FAD76B8B21CD251A0034F614 /* WorkLogTimePickerCell.swift */; };
		FAD76B9021CD38F40034F614 /* WorklogViewModel.swift in Sources */ = {isa = PBXBuildFile; fileRef = FAD76B8F21CD38F40034F614 /* WorklogViewModel.swift */; };
		FAD76B9421CD3A170034F614 /* WorklogDetailsCellViewModel.swift in Sources */ = {isa = PBXBuildFile; fileRef = FAD76B9321CD3A170034F614 /* WorklogDetailsCellViewModel.swift */; };
		FAD76B9621CD3A270034F614 /* WorklogTimePickerCellViewModel.swift in Sources */ = {isa = PBXBuildFile; fileRef = FAD76B9521CD3A270034F614 /* WorklogTimePickerCellViewModel.swift */; };
		FAD76B9B21CD3F630034F614 /* CellViewModelProtocol.swift in Sources */ = {isa = PBXBuildFile; fileRef = FAD76B9A21CD3F630034F614 /* CellViewModelProtocol.swift */; };
		FAD76B9D21CE4F2E0034F614 /* WorklogDetailsTimeCellViewModel.swift in Sources */ = {isa = PBXBuildFile; fileRef = FAD76B9C21CE4F2E0034F614 /* WorklogDetailsTimeCellViewModel.swift */; };
		FAD76B9F21CE4F6B0034F614 /* WorklogDetailsTypeCellViewModel.swift in Sources */ = {isa = PBXBuildFile; fileRef = FAD76B9E21CE4F6B0034F614 /* WorklogDetailsTypeCellViewModel.swift */; };
		FAD76BA121CE4F7E0034F614 /* WorklogDetailsDateCellViewModel.swift in Sources */ = {isa = PBXBuildFile; fileRef = FAD76BA021CE4F7E0034F614 /* WorklogDetailsDateCellViewModel.swift */; };
		FAD76BA721CFE4810034F614 /* Worklog.swift in Sources */ = {isa = PBXBuildFile; fileRef = FAD76BA621CFE4810034F614 /* Worklog.swift */; };
		FAF5996A21D5130000A4F4B9 /* SubmitDelegateProtocol.swift in Sources */ = {isa = PBXBuildFile; fileRef = FAF5996921D5130000A4F4B9 /* SubmitDelegateProtocol.swift */; };
		FAF5996C21D761BC00A4F4B9 /* Proxy.swift in Sources */ = {isa = PBXBuildFile; fileRef = FAF5996B21D761BC00A4F4B9 /* Proxy.swift */; };
		FAF5996E21D76E8500A4F4B9 /* CachableProtocol.swift in Sources */ = {isa = PBXBuildFile; fileRef = FAF5996D21D76E8500A4F4B9 /* CachableProtocol.swift */; };
		FAF5997721D78A9A00A4F4B9 /* CalendarController.swift in Sources */ = {isa = PBXBuildFile; fileRef = FAF5997621D78A9A00A4F4B9 /* CalendarController.swift */; };
		FAF5997B21D78B4D00A4F4B9 /* CalendarView.swift in Sources */ = {isa = PBXBuildFile; fileRef = FAF5997821D78B4D00A4F4B9 /* CalendarView.swift */; };
		FAF5997C21D78B4D00A4F4B9 /* MonthView.swift in Sources */ = {isa = PBXBuildFile; fileRef = FAF5997921D78B4D00A4F4B9 /* MonthView.swift */; };
		FAF5997D21D78B4D00A4F4B9 /* WeekdaysView.swift in Sources */ = {isa = PBXBuildFile; fileRef = FAF5997A21D78B4D00A4F4B9 /* WeekdaysView.swift */; };
		FAF5998121D7955100A4F4B9 /* Date+CalendarDays.swift in Sources */ = {isa = PBXBuildFile; fileRef = FAF5998021D7955100A4F4B9 /* Date+CalendarDays.swift */; };
		FAF5998321D795D900A4F4B9 /* CalendarCell.swift in Sources */ = {isa = PBXBuildFile; fileRef = FAF5998221D795D900A4F4B9 /* CalendarCell.swift */; };
		FAF5998721D7B69D00A4F4B9 /* Assets.xcassets in Resources */ = {isa = PBXBuildFile; fileRef = FAF5998621D7B69D00A4F4B9 /* Assets.xcassets */; };
		FAF5998921D7B7B100A4F4B9 /* String+date.swift in Sources */ = {isa = PBXBuildFile; fileRef = FAF5998821D7B7B100A4F4B9 /* String+date.swift */; };
		FAFA720821DF94B5001F0214 /* CalendarViewModel.swift in Sources */ = {isa = PBXBuildFile; fileRef = FAFA720721DF94B5001F0214 /* CalendarViewModel.swift */; };
		FAFA720A21DF994B001F0214 /* CalendarCellViewModel.swift in Sources */ = {isa = PBXBuildFile; fileRef = FAFA720921DF994B001F0214 /* CalendarCellViewModel.swift */; };
		FAFA720C21E0AA4F001F0214 /* CalendarDelegateProtocol.swift in Sources */ = {isa = PBXBuildFile; fileRef = FAFA720B21E0AA4F001F0214 /* CalendarDelegateProtocol.swift */; };
		FAFA721021E39896001F0214 /* TaskType.swift in Sources */ = {isa = PBXBuildFile; fileRef = FAFA720F21E39896001F0214 /* TaskType.swift */; };
		FAFA721221E398FC001F0214 /* TaskState.swift in Sources */ = {isa = PBXBuildFile; fileRef = FAFA721121E398FC001F0214 /* TaskState.swift */; };
		FAFA721421E4B06B001F0214 /* APITransition.swift in Sources */ = {isa = PBXBuildFile; fileRef = FAFA721321E4B06B001F0214 /* APITransition.swift */; };
		FAFA721621E4BD17001F0214 /* APITargetState.swift in Sources */ = {isa = PBXBuildFile; fileRef = FAFA721521E4BD17001F0214 /* APITargetState.swift */; };
		FAFB372921F640E20062C3E3 /* LoginViewModel.swift in Sources */ = {isa = PBXBuildFile; fileRef = FAFB372821F640E20062C3E3 /* LoginViewModel.swift */; };
		FAFB372B21F8BB490062C3E3 /* UIView+searchSubview.swift in Sources */ = {isa = PBXBuildFile; fileRef = FAFB372A21F8BB490062C3E3 /* UIView+searchSubview.swift */; };
		FAFB372D21FB01080062C3E3 /* Utils.swift in Sources */ = {isa = PBXBuildFile; fileRef = FAFB372C21FB01080062C3E3 /* Utils.swift */; };
		FAFD2E4622073B0A00DD1952 /* AssigneeCell.swift in Sources */ = {isa = PBXBuildFile; fileRef = FAFD2E4522073B0A00DD1952 /* AssigneeCell.swift */; };
		FAFD2E4822073B5500DD1952 /* AssigneeCellViewModel.swift in Sources */ = {isa = PBXBuildFile; fileRef = FAFD2E4722073B5500DD1952 /* AssigneeCellViewModel.swift */; };
		FAFD2E4C2207423C00DD1952 /* AssigneesController.swift in Sources */ = {isa = PBXBuildFile; fileRef = FAFD2E4B2207423C00DD1952 /* AssigneesController.swift */; };
		FAFD2E4E22074A0D00DD1952 /* AssigneesViewModel.swift in Sources */ = {isa = PBXBuildFile; fileRef = FAFD2E4D22074A0D00DD1952 /* AssigneesViewModel.swift */; };
		FAFD2E50220892CC00DD1952 /* SettingsCell.swift in Sources */ = {isa = PBXBuildFile; fileRef = FAFD2E4F220892CC00DD1952 /* SettingsCell.swift */; };
		FAFD2E52220892E400DD1952 /* SettingsCellViewModel.swift in Sources */ = {isa = PBXBuildFile; fileRef = FAFD2E51220892E400DD1952 /* SettingsCellViewModel.swift */; };
		FAFD2E542208940700DD1952 /* SettingsController.swift in Sources */ = {isa = PBXBuildFile; fileRef = FAFD2E532208940700DD1952 /* SettingsController.swift */; };
		FAFD2E56220895B800DD1952 /* SettingsViewModel.swift in Sources */ = {isa = PBXBuildFile; fileRef = FAFD2E55220895B800DD1952 /* SettingsViewModel.swift */; };
		FAFD2E5A2209CCB200DD1952 /* UserDefaults+setObject.swift in Sources */ = {isa = PBXBuildFile; fileRef = FAFD2E592209CCB200DD1952 /* UserDefaults+setObject.swift */; };
/* End PBXBuildFile section */

/* Begin PBXFileReference section */
		FA221F0121EE5B6700CA1616 /* EmployeeInfoViewModel.swift */ = {isa = PBXFileReference; lastKnownFileType = sourcecode.swift; path = EmployeeInfoViewModel.swift; sourceTree = "<group>"; };
		FA221F0321EE5BDB00CA1616 /* EmployeeInfoController.swift */ = {isa = PBXFileReference; lastKnownFileType = sourcecode.swift; path = EmployeeInfoController.swift; sourceTree = "<group>"; };
		FA221F0521EF3CFD00CA1616 /* APIAuthPin.swift */ = {isa = PBXFileReference; lastKnownFileType = sourcecode.swift; path = APIAuthPin.swift; sourceTree = "<group>"; };
		FA221F0721EF402F00CA1616 /* LoginController.swift */ = {isa = PBXFileReference; lastKnownFileType = sourcecode.swift; path = LoginController.swift; sourceTree = "<group>"; };
		FA221F0F21EF5F5D00CA1616 /* KeychainItemAccessibility.swift */ = {isa = PBXFileReference; fileEncoding = 4; lastKnownFileType = sourcecode.swift; path = KeychainItemAccessibility.swift; sourceTree = "<group>"; };
		FA221F1021EF5F5D00CA1616 /* KeychainWrapper.swift */ = {isa = PBXFileReference; fileEncoding = 4; lastKnownFileType = sourcecode.swift; path = KeychainWrapper.swift; sourceTree = "<group>"; };
		FA2230C721D3B77700D602A7 /* WorklogType.swift */ = {isa = PBXFileReference; lastKnownFileType = sourcecode.swift; path = WorklogType.swift; sourceTree = "<group>"; };
		FA2230C921D3C48700D602A7 /* APIWorklogTypes.swift */ = {isa = PBXFileReference; lastKnownFileType = sourcecode.swift; path = APIWorklogTypes.swift; sourceTree = "<group>"; };
		FA2230CB21D3C50700D602A7 /* APIWorklogType.swift */ = {isa = PBXFileReference; lastKnownFileType = sourcecode.swift; path = APIWorklogType.swift; sourceTree = "<group>"; };
		FA2230CD21D3C73C00D602A7 /* Equatable+oneOf.swift */ = {isa = PBXFileReference; lastKnownFileType = sourcecode.swift; path = "Equatable+oneOf.swift"; sourceTree = "<group>"; };
		FA2230CF21D3C91B00D602A7 /* WorklogTypesController.swift */ = {isa = PBXFileReference; lastKnownFileType = sourcecode.swift; path = WorklogTypesController.swift; sourceTree = "<group>"; };
		FA2230D121D3CC1500D602A7 /* WorklogTypesViewModel.swift */ = {isa = PBXFileReference; lastKnownFileType = sourcecode.swift; path = WorklogTypesViewModel.swift; sourceTree = "<group>"; };
		FA2230D321D3CCD400D602A7 /* WorklogTypesCellViewModel.swift */ = {isa = PBXFileReference; lastKnownFileType = sourcecode.swift; path = WorklogTypesCellViewModel.swift; sourceTree = "<group>"; };
		FA2230D521D3E65300D602A7 /* WorklogTypesCell.swift */ = {isa = PBXFileReference; lastKnownFileType = sourcecode.swift; path = WorklogTypesCell.swift; sourceTree = "<group>"; };
		FA3093A121C3DA1300A3B417 /* iSigma.app */ = {isa = PBXFileReference; explicitFileType = wrapper.application; includeInIndex = 0; path = iSigma.app; sourceTree = BUILT_PRODUCTS_DIR; };
		FA3093A421C3DA1300A3B417 /* AppDelegate.swift */ = {isa = PBXFileReference; lastKnownFileType = sourcecode.swift; path = AppDelegate.swift; sourceTree = "<group>"; };
		FA3093A621C3DA1300A3B417 /* TasksController.swift */ = {isa = PBXFileReference; lastKnownFileType = sourcecode.swift; path = TasksController.swift; sourceTree = "<group>"; };
		FA3093A921C3DA1300A3B417 /* Base */ = {isa = PBXFileReference; lastKnownFileType = file.storyboard; name = Base; path = Base.lproj/Main.storyboard; sourceTree = "<group>"; };
		FA3093AE21C3DA1400A3B417 /* Base */ = {isa = PBXFileReference; lastKnownFileType = file.storyboard; name = Base; path = Base.lproj/LaunchScreen.storyboard; sourceTree = "<group>"; };
		FA3093B021C3DA1400A3B417 /* Info.plist */ = {isa = PBXFileReference; lastKnownFileType = text.plist.xml; path = Info.plist; sourceTree = "<group>"; };
		FA3093BD21C3E43500A3B417 /* NetworkManager.swift */ = {isa = PBXFileReference; lastKnownFileType = sourcecode.swift; path = NetworkManager.swift; sourceTree = "<group>"; };
		FA679A3B21D0E93B00FA6B93 /* SubmitView.swift */ = {isa = PBXFileReference; lastKnownFileType = sourcecode.swift; path = SubmitView.swift; sourceTree = "<group>"; };
		FA679A3E21D0EAF600FA6B93 /* SubmitViewViewModel.swift */ = {isa = PBXFileReference; lastKnownFileType = sourcecode.swift; path = SubmitViewViewModel.swift; sourceTree = "<group>"; };
		FA679A4121D11B0D00FA6B93 /* SubmitButton.swift */ = {isa = PBXFileReference; lastKnownFileType = sourcecode.swift; path = SubmitButton.swift; sourceTree = "<group>"; };
		FA679A4321D11B6600FA6B93 /* SubmitButtonViewModel.swift */ = {isa = PBXFileReference; lastKnownFileType = sourcecode.swift; path = SubmitButtonViewModel.swift; sourceTree = "<group>"; };
		FA679A4521D134DD00FA6B93 /* PickerDelegateProtocol.swift */ = {isa = PBXFileReference; lastKnownFileType = sourcecode.swift; path = PickerDelegateProtocol.swift; sourceTree = "<group>"; };
		FA685F3D21DCDDE2004D029F /* APISuccessResponse.swift */ = {isa = PBXFileReference; lastKnownFileType = sourcecode.swift; path = APISuccessResponse.swift; sourceTree = "<group>"; };
		FA6ED6DE21EC9AEC00727E1F /* Employee.swift */ = {isa = PBXFileReference; lastKnownFileType = sourcecode.swift; path = Employee.swift; sourceTree = "<group>"; };
		FA6ED6E021EC9B2A00727E1F /* APIEmployee.swift */ = {isa = PBXFileReference; lastKnownFileType = sourcecode.swift; path = APIEmployee.swift; sourceTree = "<group>"; };
		FA6ED6E221ECB05C00727E1F /* APIEmployeeFlags.swift */ = {isa = PBXFileReference; lastKnownFileType = sourcecode.swift; path = APIEmployeeFlags.swift; sourceTree = "<group>"; };
		FA6ED6E421ECDD2800727E1F /* EmployeeCell.swift */ = {isa = PBXFileReference; lastKnownFileType = sourcecode.swift; path = EmployeeCell.swift; sourceTree = "<group>"; };
		FA6ED6E621EDCD7900727E1F /* EmployeesViewModel.swift */ = {isa = PBXFileReference; lastKnownFileType = sourcecode.swift; path = EmployeesViewModel.swift; sourceTree = "<group>"; };
		FA6ED6E821EDCF7F00727E1F /* EmployeeCellViewModel.swift */ = {isa = PBXFileReference; lastKnownFileType = sourcecode.swift; path = EmployeeCellViewModel.swift; sourceTree = "<group>"; };
		FA6FC52E21E611D8001BD85A /* APIResponse.swift */ = {isa = PBXFileReference; lastKnownFileType = sourcecode.swift; path = APIResponse.swift; sourceTree = "<group>"; };
		FA6FC53021E74CAA001BD85A /* TaskInfoController.swift */ = {isa = PBXFileReference; lastKnownFileType = sourcecode.swift; path = TaskInfoController.swift; sourceTree = "<group>"; };
		FA6FC53221E77D73001BD85A /* APITaskProject.swift */ = {isa = PBXFileReference; lastKnownFileType = sourcecode.swift; path = APITaskProject.swift; sourceTree = "<group>"; };
		FA6FC53421E8A0CE001BD85A /* UIAlertController+tintColor.swift */ = {isa = PBXFileReference; lastKnownFileType = sourcecode.swift; path = "UIAlertController+tintColor.swift"; sourceTree = "<group>"; };
		FA6FC53621E8D093001BD85A /* TaskInfoViewModel.swift */ = {isa = PBXFileReference; lastKnownFileType = sourcecode.swift; path = TaskInfoViewModel.swift; sourceTree = "<group>"; };
		FAB8BFF421EA6A510092654D /* EmployeesController.swift */ = {isa = PBXFileReference; lastKnownFileType = sourcecode.swift; path = EmployeesController.swift; sourceTree = "<group>"; };
		FAC9035521F5F51F00FBE62B /* UINavigationController+alert.swift */ = {isa = PBXFileReference; lastKnownFileType = sourcecode.swift; path = "UINavigationController+alert.swift"; sourceTree = "<group>"; };
		FAD4E36A21F0BFD9001CCC79 /* AppStyle.swift */ = {isa = PBXFileReference; lastKnownFileType = sourcecode.swift; path = AppStyle.swift; sourceTree = "<group>"; };
		FAD76B4521C7E02B0034F614 /* APIAuthHash.swift */ = {isa = PBXFileReference; lastKnownFileType = sourcecode.swift; path = APIAuthHash.swift; sourceTree = "<group>"; };
		FAD76B4721C7E0620034F614 /* APIAuthToken.swift */ = {isa = PBXFileReference; lastKnownFileType = sourcecode.swift; path = APIAuthToken.swift; sourceTree = "<group>"; };
		FAD76B4921C7E8290034F614 /* Task.swift */ = {isa = PBXFileReference; lastKnownFileType = sourcecode.swift; path = Task.swift; sourceTree = "<group>"; };
		FAD76B4E21C7EB410034F614 /* APITask.swift */ = {isa = PBXFileReference; lastKnownFileType = sourcecode.swift; path = APITask.swift; sourceTree = "<group>"; };
		FAD76B5021C7EBA00034F614 /* APITaskBase.swift */ = {isa = PBXFileReference; lastKnownFileType = sourcecode.swift; path = APITaskBase.swift; sourceTree = "<group>"; };
		FAD76B5221C805570034F614 /* APITaskID.swift */ = {isa = PBXFileReference; lastKnownFileType = sourcecode.swift; path = APITaskID.swift; sourceTree = "<group>"; };
		FAD76B5421C8FFB20034F614 /* UINavigationBar+childForStatusBarStyle.swift */ = {isa = PBXFileReference; lastKnownFileType = sourcecode.swift; path = "UINavigationBar+childForStatusBarStyle.swift"; sourceTree = "<group>"; };
		FAD76B5621C901C60034F614 /* TaskCell.swift */ = {isa = PBXFileReference; lastKnownFileType = sourcecode.swift; path = TaskCell.swift; sourceTree = "<group>"; };
		FAD76B5B21C9583F0034F614 /* APITaskExtra.swift */ = {isa = PBXFileReference; lastKnownFileType = sourcecode.swift; path = APITaskExtra.swift; sourceTree = "<group>"; };
		FAD76B5F21CA8D000034F614 /* TasksViewModel.swift */ = {isa = PBXFileReference; lastKnownFileType = sourcecode.swift; path = TasksViewModel.swift; sourceTree = "<group>"; };
		FAD76B6121CA8D590034F614 /* TaskCellViewModel.swift */ = {isa = PBXFileReference; lastKnownFileType = sourcecode.swift; path = TaskCellViewModel.swift; sourceTree = "<group>"; };
		FAD76B6321CAAE160034F614 /* Box.swift */ = {isa = PBXFileReference; lastKnownFileType = sourcecode.swift; path = Box.swift; sourceTree = "<group>"; };
		FAD76B8521CD184D0034F614 /* WorklogController.swift */ = {isa = PBXFileReference; lastKnownFileType = sourcecode.swift; path = WorklogController.swift; sourceTree = "<group>"; };
		FAD76B8721CD24DD0034F614 /* WorklogTaskCell.swift */ = {isa = PBXFileReference; lastKnownFileType = sourcecode.swift; path = WorklogTaskCell.swift; sourceTree = "<group>"; };
		FAD76B8921CD25030034F614 /* WorklogDetailsCell.swift */ = {isa = PBXFileReference; lastKnownFileType = sourcecode.swift; path = WorklogDetailsCell.swift; sourceTree = "<group>"; };
		FAD76B8B21CD251A0034F614 /* WorkLogTimePickerCell.swift */ = {isa = PBXFileReference; lastKnownFileType = sourcecode.swift; path = WorkLogTimePickerCell.swift; sourceTree = "<group>"; };
		FAD76B8F21CD38F40034F614 /* WorklogViewModel.swift */ = {isa = PBXFileReference; lastKnownFileType = sourcecode.swift; path = WorklogViewModel.swift; sourceTree = "<group>"; };
		FAD76B9321CD3A170034F614 /* WorklogDetailsCellViewModel.swift */ = {isa = PBXFileReference; lastKnownFileType = sourcecode.swift; path = WorklogDetailsCellViewModel.swift; sourceTree = "<group>"; };
		FAD76B9521CD3A270034F614 /* WorklogTimePickerCellViewModel.swift */ = {isa = PBXFileReference; lastKnownFileType = sourcecode.swift; path = WorklogTimePickerCellViewModel.swift; sourceTree = "<group>"; };
		FAD76B9A21CD3F630034F614 /* CellViewModelProtocol.swift */ = {isa = PBXFileReference; lastKnownFileType = sourcecode.swift; path = CellViewModelProtocol.swift; sourceTree = "<group>"; };
		FAD76B9C21CE4F2E0034F614 /* WorklogDetailsTimeCellViewModel.swift */ = {isa = PBXFileReference; lastKnownFileType = sourcecode.swift; path = WorklogDetailsTimeCellViewModel.swift; sourceTree = "<group>"; };
		FAD76B9E21CE4F6B0034F614 /* WorklogDetailsTypeCellViewModel.swift */ = {isa = PBXFileReference; lastKnownFileType = sourcecode.swift; path = WorklogDetailsTypeCellViewModel.swift; sourceTree = "<group>"; };
		FAD76BA021CE4F7E0034F614 /* WorklogDetailsDateCellViewModel.swift */ = {isa = PBXFileReference; lastKnownFileType = sourcecode.swift; path = WorklogDetailsDateCellViewModel.swift; sourceTree = "<group>"; };
		FAD76BA621CFE4810034F614 /* Worklog.swift */ = {isa = PBXFileReference; lastKnownFileType = sourcecode.swift; path = Worklog.swift; sourceTree = "<group>"; };
		FAF5996921D5130000A4F4B9 /* SubmitDelegateProtocol.swift */ = {isa = PBXFileReference; lastKnownFileType = sourcecode.swift; path = SubmitDelegateProtocol.swift; sourceTree = "<group>"; };
		FAF5996B21D761BC00A4F4B9 /* Proxy.swift */ = {isa = PBXFileReference; lastKnownFileType = sourcecode.swift; path = Proxy.swift; sourceTree = "<group>"; };
		FAF5996D21D76E8500A4F4B9 /* CachableProtocol.swift */ = {isa = PBXFileReference; lastKnownFileType = sourcecode.swift; path = CachableProtocol.swift; sourceTree = "<group>"; };
		FAF5997621D78A9A00A4F4B9 /* CalendarController.swift */ = {isa = PBXFileReference; fileEncoding = 4; lastKnownFileType = sourcecode.swift; path = CalendarController.swift; sourceTree = "<group>"; };
		FAF5997821D78B4D00A4F4B9 /* CalendarView.swift */ = {isa = PBXFileReference; fileEncoding = 4; lastKnownFileType = sourcecode.swift; path = CalendarView.swift; sourceTree = "<group>"; };
		FAF5997921D78B4D00A4F4B9 /* MonthView.swift */ = {isa = PBXFileReference; fileEncoding = 4; lastKnownFileType = sourcecode.swift; path = MonthView.swift; sourceTree = "<group>"; };
		FAF5997A21D78B4D00A4F4B9 /* WeekdaysView.swift */ = {isa = PBXFileReference; fileEncoding = 4; lastKnownFileType = sourcecode.swift; path = WeekdaysView.swift; sourceTree = "<group>"; };
		FAF5998021D7955100A4F4B9 /* Date+CalendarDays.swift */ = {isa = PBXFileReference; lastKnownFileType = sourcecode.swift; path = "Date+CalendarDays.swift"; sourceTree = "<group>"; };
		FAF5998221D795D900A4F4B9 /* CalendarCell.swift */ = {isa = PBXFileReference; lastKnownFileType = sourcecode.swift; path = CalendarCell.swift; sourceTree = "<group>"; };
		FAF5998621D7B69D00A4F4B9 /* Assets.xcassets */ = {isa = PBXFileReference; lastKnownFileType = folder.assetcatalog; path = Assets.xcassets; sourceTree = "<group>"; };
		FAF5998821D7B7B100A4F4B9 /* String+date.swift */ = {isa = PBXFileReference; lastKnownFileType = sourcecode.swift; path = "String+date.swift"; sourceTree = "<group>"; };
		FAFA720721DF94B5001F0214 /* CalendarViewModel.swift */ = {isa = PBXFileReference; lastKnownFileType = sourcecode.swift; path = CalendarViewModel.swift; sourceTree = "<group>"; };
		FAFA720921DF994B001F0214 /* CalendarCellViewModel.swift */ = {isa = PBXFileReference; lastKnownFileType = sourcecode.swift; path = CalendarCellViewModel.swift; sourceTree = "<group>"; };
		FAFA720B21E0AA4F001F0214 /* CalendarDelegateProtocol.swift */ = {isa = PBXFileReference; lastKnownFileType = sourcecode.swift; path = CalendarDelegateProtocol.swift; sourceTree = "<group>"; };
		FAFA720F21E39896001F0214 /* TaskType.swift */ = {isa = PBXFileReference; lastKnownFileType = sourcecode.swift; path = TaskType.swift; sourceTree = "<group>"; };
		FAFA721121E398FC001F0214 /* TaskState.swift */ = {isa = PBXFileReference; lastKnownFileType = sourcecode.swift; path = TaskState.swift; sourceTree = "<group>"; };
		FAFA721321E4B06B001F0214 /* APITransition.swift */ = {isa = PBXFileReference; lastKnownFileType = sourcecode.swift; path = APITransition.swift; sourceTree = "<group>"; };
		FAFA721521E4BD17001F0214 /* APITargetState.swift */ = {isa = PBXFileReference; lastKnownFileType = sourcecode.swift; path = APITargetState.swift; sourceTree = "<group>"; };
		FAFB372821F640E20062C3E3 /* LoginViewModel.swift */ = {isa = PBXFileReference; lastKnownFileType = sourcecode.swift; path = LoginViewModel.swift; sourceTree = "<group>"; };
		FAFB372A21F8BB490062C3E3 /* UIView+searchSubview.swift */ = {isa = PBXFileReference; lastKnownFileType = sourcecode.swift; path = "UIView+searchSubview.swift"; sourceTree = "<group>"; };
		FAFB372C21FB01080062C3E3 /* Utils.swift */ = {isa = PBXFileReference; lastKnownFileType = sourcecode.swift; path = Utils.swift; sourceTree = "<group>"; };
		FAFD2E4522073B0A00DD1952 /* AssigneeCell.swift */ = {isa = PBXFileReference; lastKnownFileType = sourcecode.swift; path = AssigneeCell.swift; sourceTree = "<group>"; };
		FAFD2E4722073B5500DD1952 /* AssigneeCellViewModel.swift */ = {isa = PBXFileReference; lastKnownFileType = sourcecode.swift; path = AssigneeCellViewModel.swift; sourceTree = "<group>"; };
		FAFD2E4B2207423C00DD1952 /* AssigneesController.swift */ = {isa = PBXFileReference; lastKnownFileType = sourcecode.swift; path = AssigneesController.swift; sourceTree = "<group>"; };
		FAFD2E4D22074A0D00DD1952 /* AssigneesViewModel.swift */ = {isa = PBXFileReference; lastKnownFileType = sourcecode.swift; path = AssigneesViewModel.swift; sourceTree = "<group>"; };
		FAFD2E4F220892CC00DD1952 /* SettingsCell.swift */ = {isa = PBXFileReference; lastKnownFileType = sourcecode.swift; path = SettingsCell.swift; sourceTree = "<group>"; };
		FAFD2E51220892E400DD1952 /* SettingsCellViewModel.swift */ = {isa = PBXFileReference; lastKnownFileType = sourcecode.swift; path = SettingsCellViewModel.swift; sourceTree = "<group>"; };
		FAFD2E532208940700DD1952 /* SettingsController.swift */ = {isa = PBXFileReference; lastKnownFileType = sourcecode.swift; path = SettingsController.swift; sourceTree = "<group>"; };
		FAFD2E55220895B800DD1952 /* SettingsViewModel.swift */ = {isa = PBXFileReference; lastKnownFileType = sourcecode.swift; path = SettingsViewModel.swift; sourceTree = "<group>"; };
		FAFD2E592209CCB200DD1952 /* UserDefaults+setObject.swift */ = {isa = PBXFileReference; lastKnownFileType = sourcecode.swift; path = "UserDefaults+setObject.swift"; sourceTree = "<group>"; };
/* End PBXFileReference section */

/* Begin PBXFrameworksBuildPhase section */
		FA30939E21C3DA1200A3B417 /* Frameworks */ = {
			isa = PBXFrameworksBuildPhase;
			buildActionMask = 2147483647;
			files = (
			);
			runOnlyForDeploymentPostprocessing = 0;
		};
/* End PBXFrameworksBuildPhase section */

/* Begin PBXGroup section */
		FA221F0E21EF5F4200CA1616 /* Keychain */ = {
			isa = PBXGroup;
			children = (
				FA221F1021EF5F5D00CA1616 /* KeychainWrapper.swift */,
				FA221F0F21EF5F5D00CA1616 /* KeychainItemAccessibility.swift */,
			);
			path = Keychain;
			sourceTree = "<group>";
		};
		FA30939821C3DA1200A3B417 = {
			isa = PBXGroup;
			children = (
				FA3093A321C3DA1300A3B417 /* iSigma */,
				FA3093A221C3DA1300A3B417 /* Products */,
			);
			sourceTree = "<group>";
		};
		FA3093A221C3DA1300A3B417 /* Products */ = {
			isa = PBXGroup;
			children = (
				FA3093A121C3DA1300A3B417 /* iSigma.app */,
			);
			name = Products;
			sourceTree = "<group>";
		};
		FA3093A321C3DA1300A3B417 /* iSigma */ = {
			isa = PBXGroup;
			children = (
				FA3093A421C3DA1300A3B417 /* AppDelegate.swift */,
				FAD76B6321CAAE160034F614 /* Box.swift */,
				FAF5996B21D761BC00A4F4B9 /* Proxy.swift */,
				FAD4E36A21F0BFD9001CCC79 /* AppStyle.swift */,
				FAFB372C21FB01080062C3E3 /* Utils.swift */,
				FA221F0E21EF5F4200CA1616 /* Keychain */,
				FAD76B4321C7DFAE0034F614 /* Network */,
				FAD76B5D21C95FE20034F614 /* Extensions */,
				FAD76B9921CD3F310034F614 /* Protocols */,
				FAD76B4B21C7E8FD0034F614 /* Model */,
				FAD76B5E21CA8CC40034F614 /* ViewModel */,
				FAD76B5821C903CA0034F614 /* View */,
				FA3093A821C3DA1300A3B417 /* Main.storyboard */,
				FA3093AD21C3DA1400A3B417 /* LaunchScreen.storyboard */,
				FAF5998621D7B69D00A4F4B9 /* Assets.xcassets */,
				FA3093B021C3DA1400A3B417 /* Info.plist */,
			);
			path = iSigma;
			sourceTree = "<group>";
		};
		FA679A3D21D0E94100FA6B93 /* Custom views */ = {
			isa = PBXGroup;
			children = (
				FAF5996F21D7887200A4F4B9 /* Calendar */,
				FA679A4121D11B0D00FA6B93 /* SubmitButton.swift */,
				FA679A3B21D0E93B00FA6B93 /* SubmitView.swift */,
			);
			path = "Custom views";
			sourceTree = "<group>";
		};
		FA679A4021D0EAFC00FA6B93 /* Custom views */ = {
			isa = PBXGroup;
			children = (
				FA679A3E21D0EAF600FA6B93 /* SubmitViewViewModel.swift */,
				FA679A4321D11B6600FA6B93 /* SubmitButtonViewModel.swift */,
			);
			path = "Custom views";
			sourceTree = "<group>";
		};
		FAD76B4321C7DFAE0034F614 /* Network */ = {
			isa = PBXGroup;
			children = (
				FA3093BD21C3E43500A3B417 /* NetworkManager.swift */,
				FAD76B4421C7DFB90034F614 /* Model */,
			);
			path = Network;
			sourceTree = "<group>";
		};
		FAD76B4421C7DFB90034F614 /* Model */ = {
			isa = PBXGroup;
			children = (
				FAD76B4521C7E02B0034F614 /* APIAuthHash.swift */,
				FA221F0521EF3CFD00CA1616 /* APIAuthPin.swift */,
				FAD76B4721C7E0620034F614 /* APIAuthToken.swift */,
				FA6FC52E21E611D8001BD85A /* APIResponse.swift */,
				FA685F3D21DCDDE2004D029F /* APISuccessResponse.swift */,
				FAD76B5221C805570034F614 /* APITaskID.swift */,
				FAD76B4E21C7EB410034F614 /* APITask.swift */,
				FAD76B5021C7EBA00034F614 /* APITaskBase.swift */,
				FAD76B5B21C9583F0034F614 /* APITaskExtra.swift */,
				FA6FC53221E77D73001BD85A /* APITaskProject.swift */,
				FAFA721321E4B06B001F0214 /* APITransition.swift */,
				FAFA721521E4BD17001F0214 /* APITargetState.swift */,
				FA2230C921D3C48700D602A7 /* APIWorklogTypes.swift */,
				FA2230CB21D3C50700D602A7 /* APIWorklogType.swift */,
				FA6ED6E021EC9B2A00727E1F /* APIEmployee.swift */,
				FA6ED6E221ECB05C00727E1F /* APIEmployeeFlags.swift */,
			);
			path = Model;
			sourceTree = "<group>";
		};
		FAD76B4B21C7E8FD0034F614 /* Model */ = {
			isa = PBXGroup;
			children = (
				FAD76B4921C7E8290034F614 /* Task.swift */,
				FAFA720F21E39896001F0214 /* TaskType.swift */,
				FAFA721121E398FC001F0214 /* TaskState.swift */,
				FAD76BA621CFE4810034F614 /* Worklog.swift */,
				FA2230C721D3B77700D602A7 /* WorklogType.swift */,
				FA6ED6DE21EC9AEC00727E1F /* Employee.swift */,
			);
			path = Model;
			sourceTree = "<group>";
		};
		FAD76B5821C903CA0034F614 /* View */ = {
			isa = PBXGroup;
			children = (
				FAD76B5A21C903D80034F614 /* Controllers */,
				FAD76B5921C903D30034F614 /* Cells */,
				FA679A3D21D0E94100FA6B93 /* Custom views */,
			);
			path = View;
			sourceTree = "<group>";
		};
		FAD76B5921C903D30034F614 /* Cells */ = {
			isa = PBXGroup;
			children = (
				FAD76B5621C901C60034F614 /* TaskCell.swift */,
				FAD76B8721CD24DD0034F614 /* WorklogTaskCell.swift */,
				FAD76B8921CD25030034F614 /* WorklogDetailsCell.swift */,
				FAD76B8B21CD251A0034F614 /* WorkLogTimePickerCell.swift */,
				FA2230D521D3E65300D602A7 /* WorklogTypesCell.swift */,
				FAF5998221D795D900A4F4B9 /* CalendarCell.swift */,
				FA6ED6E421ECDD2800727E1F /* EmployeeCell.swift */,
				FAFD2E4522073B0A00DD1952 /* AssigneeCell.swift */,
				FAFD2E4F220892CC00DD1952 /* SettingsCell.swift */,
			);
			path = Cells;
			sourceTree = "<group>";
		};
		FAD76B5A21C903D80034F614 /* Controllers */ = {
			isa = PBXGroup;
			children = (
				FA221F0721EF402F00CA1616 /* LoginController.swift */,
				FA3093A621C3DA1300A3B417 /* TasksController.swift */,
				FA6FC53021E74CAA001BD85A /* TaskInfoController.swift */,
				FAD76B8521CD184D0034F614 /* WorklogController.swift */,
				FA2230CF21D3C91B00D602A7 /* WorklogTypesController.swift */,
				FAF5997621D78A9A00A4F4B9 /* CalendarController.swift */,
				FAB8BFF421EA6A510092654D /* EmployeesController.swift */,
				FA221F0321EE5BDB00CA1616 /* EmployeeInfoController.swift */,
				FAFD2E4B2207423C00DD1952 /* AssigneesController.swift */,
				FAFD2E532208940700DD1952 /* SettingsController.swift */,
			);
			path = Controllers;
			sourceTree = "<group>";
		};
		FAD76B5D21C95FE20034F614 /* Extensions */ = {
			isa = PBXGroup;
			children = (
				FAD76B5421C8FFB20034F614 /* UINavigationBar+childForStatusBarStyle.swift */,
				FA2230CD21D3C73C00D602A7 /* Equatable+oneOf.swift */,
				FAF5998821D7B7B100A4F4B9 /* String+date.swift */,
				FAF5998021D7955100A4F4B9 /* Date+CalendarDays.swift */,
				FA6FC53421E8A0CE001BD85A /* UIAlertController+tintColor.swift */,
				FAC9035521F5F51F00FBE62B /* UINavigationController+alert.swift */,
				FAFB372A21F8BB490062C3E3 /* UIView+searchSubview.swift */,
				FAFD2E592209CCB200DD1952 /* UserDefaults+setObject.swift */,
			);
			path = Extensions;
			sourceTree = "<group>";
		};
		FAD76B5E21CA8CC40034F614 /* ViewModel */ = {
			isa = PBXGroup;
			children = (
				FAD76BA221CE92460034F614 /* Controllers */,
				FAD76BA321CE92700034F614 /* Cells */,
				FA679A4021D0EAFC00FA6B93 /* Custom views */,
			);
			path = ViewModel;
			sourceTree = "<group>";
		};
		FAD76B9921CD3F310034F614 /* Protocols */ = {
			isa = PBXGroup;
			children = (
				FAD76B9A21CD3F630034F614 /* CellViewModelProtocol.swift */,
				FA679A4521D134DD00FA6B93 /* PickerDelegateProtocol.swift */,
				FAF5996921D5130000A4F4B9 /* SubmitDelegateProtocol.swift */,
				FAF5996D21D76E8500A4F4B9 /* CachableProtocol.swift */,
				FAFA720B21E0AA4F001F0214 /* CalendarDelegateProtocol.swift */,
			);
			path = Protocols;
			sourceTree = "<group>";
		};
		FAD76BA221CE92460034F614 /* Controllers */ = {
			isa = PBXGroup;
			children = (
				FAFB372821F640E20062C3E3 /* LoginViewModel.swift */,
				FAD76B5F21CA8D000034F614 /* TasksViewModel.swift */,
				FA6FC53621E8D093001BD85A /* TaskInfoViewModel.swift */,
				FAD76B8F21CD38F40034F614 /* WorklogViewModel.swift */,
				FA2230D121D3CC1500D602A7 /* WorklogTypesViewModel.swift */,
				FAFA720721DF94B5001F0214 /* CalendarViewModel.swift */,
				FA6ED6E621EDCD7900727E1F /* EmployeesViewModel.swift */,
				FA221F0121EE5B6700CA1616 /* EmployeeInfoViewModel.swift */,
				FAFD2E4D22074A0D00DD1952 /* AssigneesViewModel.swift */,
				FAFD2E55220895B800DD1952 /* SettingsViewModel.swift */,
			);
			path = Controllers;
			sourceTree = "<group>";
		};
		FAD76BA321CE92700034F614 /* Cells */ = {
			isa = PBXGroup;
			children = (
				FAD76B6121CA8D590034F614 /* TaskCellViewModel.swift */,
				FAD76B9321CD3A170034F614 /* WorklogDetailsCellViewModel.swift */,
				FAD76B9C21CE4F2E0034F614 /* WorklogDetailsTimeCellViewModel.swift */,
				FAD76B9E21CE4F6B0034F614 /* WorklogDetailsTypeCellViewModel.swift */,
				FAD76BA021CE4F7E0034F614 /* WorklogDetailsDateCellViewModel.swift */,
				FAD76B9521CD3A270034F614 /* WorklogTimePickerCellViewModel.swift */,
				FA2230D321D3CCD400D602A7 /* WorklogTypesCellViewModel.swift */,
				FAFA720921DF994B001F0214 /* CalendarCellViewModel.swift */,
				FA6ED6E821EDCF7F00727E1F /* EmployeeCellViewModel.swift */,
				FAFD2E4722073B5500DD1952 /* AssigneeCellViewModel.swift */,
				FAFD2E51220892E400DD1952 /* SettingsCellViewModel.swift */,
			);
			path = Cells;
			sourceTree = "<group>";
		};
		FAF5996F21D7887200A4F4B9 /* Calendar */ = {
			isa = PBXGroup;
			children = (
				FAF5997821D78B4D00A4F4B9 /* CalendarView.swift */,
				FAF5997921D78B4D00A4F4B9 /* MonthView.swift */,
				FAF5997A21D78B4D00A4F4B9 /* WeekdaysView.swift */,
			);
			path = Calendar;
			sourceTree = "<group>";
		};
/* End PBXGroup section */

/* Begin PBXNativeTarget section */
		FA3093A021C3DA1200A3B417 /* iSigma */ = {
			isa = PBXNativeTarget;
			buildConfigurationList = FA3093B321C3DA1400A3B417 /* Build configuration list for PBXNativeTarget "iSigma" */;
			buildPhases = (
				FA30939D21C3DA1200A3B417 /* Sources */,
				FA30939E21C3DA1200A3B417 /* Frameworks */,
				FA30939F21C3DA1200A3B417 /* Resources */,
			);
			buildRules = (
			);
			dependencies = (
			);
			name = iSigma;
			productName = iSigma;
			productReference = FA3093A121C3DA1300A3B417 /* iSigma.app */;
			productType = "com.apple.product-type.application";
		};
/* End PBXNativeTarget section */

/* Begin PBXProject section */
		FA30939921C3DA1200A3B417 /* Project object */ = {
			isa = PBXProject;
			attributes = {
				LastSwiftUpdateCheck = 1000;
				LastUpgradeCheck = 1000;
				ORGANIZATIONNAME = "Alex Delin";
				TargetAttributes = {
					FA3093A021C3DA1200A3B417 = {
						CreatedOnToolsVersion = 10.0;
					};
				};
			};
			buildConfigurationList = FA30939C21C3DA1200A3B417 /* Build configuration list for PBXProject "iSigma" */;
			compatibilityVersion = "Xcode 9.3";
			developmentRegion = en;
			hasScannedForEncodings = 0;
			knownRegions = (
				en,
				Base,
			);
			mainGroup = FA30939821C3DA1200A3B417;
			productRefGroup = FA3093A221C3DA1300A3B417 /* Products */;
			projectDirPath = "";
			projectRoot = "";
			targets = (
				FA3093A021C3DA1200A3B417 /* iSigma */,
			);
		};
/* End PBXProject section */

/* Begin PBXResourcesBuildPhase section */
		FA30939F21C3DA1200A3B417 /* Resources */ = {
			isa = PBXResourcesBuildPhase;
			buildActionMask = 2147483647;
			files = (
				FA3093AF21C3DA1400A3B417 /* LaunchScreen.storyboard in Resources */,
				FAF5998721D7B69D00A4F4B9 /* Assets.xcassets in Resources */,
				FA3093AA21C3DA1300A3B417 /* Main.storyboard in Resources */,
			);
			runOnlyForDeploymentPostprocessing = 0;
		};
/* End PBXResourcesBuildPhase section */

/* Begin PBXSourcesBuildPhase section */
		FA30939D21C3DA1200A3B417 /* Sources */ = {
			isa = PBXSourcesBuildPhase;
			buildActionMask = 2147483647;
			files = (
				FAD76B8A21CD25030034F614 /* WorklogDetailsCell.swift in Sources */,
				FAF5996E21D76E8500A4F4B9 /* CachableProtocol.swift in Sources */,
				FAD76B4621C7E02B0034F614 /* APIAuthHash.swift in Sources */,
				FA3093BE21C3E43500A3B417 /* NetworkManager.swift in Sources */,
				FA221F0621EF3CFD00CA1616 /* APIAuthPin.swift in Sources */,
				FAD76B5121C7EBA00034F614 /* APITaskBase.swift in Sources */,
				FAFD2E50220892CC00DD1952 /* SettingsCell.swift in Sources */,
				FA685F3E21DCDDE2004D029F /* APISuccessResponse.swift in Sources */,
				FA6ED6E921EDCF7F00727E1F /* EmployeeCellViewModel.swift in Sources */,
				FAF5997B21D78B4D00A4F4B9 /* CalendarView.swift in Sources */,
				FA6ED6E321ECB05C00727E1F /* APIEmployeeFlags.swift in Sources */,
				FAD76B4821C7E0620034F614 /* APIAuthToken.swift in Sources */,
				FAD76B8621CD184D0034F614 /* WorklogController.swift in Sources */,
				FAC9035621F5F51F00FBE62B /* UINavigationController+alert.swift in Sources */,
				FA3093A721C3DA1300A3B417 /* TasksController.swift in Sources */,
				FA6FC53321E77D73001BD85A /* APITaskProject.swift in Sources */,
				FAFD2E542208940700DD1952 /* SettingsController.swift in Sources */,
				FAB8BFF521EA6A510092654D /* EmployeesController.swift in Sources */,
				FA6ED6E521ECDD2800727E1F /* EmployeeCell.swift in Sources */,
				FA221F0421EE5BDB00CA1616 /* EmployeeInfoController.swift in Sources */,
				FAD76B9021CD38F40034F614 /* WorklogViewModel.swift in Sources */,
				FAD76B4F21C7EB410034F614 /* APITask.swift in Sources */,
				FA2230D021D3C91B00D602A7 /* WorklogTypesController.swift in Sources */,
				FAF5996C21D761BC00A4F4B9 /* Proxy.swift in Sources */,
				FAD76B5521C8FFB20034F614 /* UINavigationBar+childForStatusBarStyle.swift in Sources */,
				FA2230D621D3E65300D602A7 /* WorklogTypesCell.swift in Sources */,
				FA221F0221EE5B6700CA1616 /* EmployeeInfoViewModel.swift in Sources */,
				FAFA720821DF94B5001F0214 /* CalendarViewModel.swift in Sources */,
				FA679A3F21D0EAF600FA6B93 /* SubmitViewViewModel.swift in Sources */,
				FAFD2E52220892E400DD1952 /* SettingsCellViewModel.swift in Sources */,
				FAD76B9621CD3A270034F614 /* WorklogTimePickerCellViewModel.swift in Sources */,
				FA679A3C21D0E93B00FA6B93 /* SubmitView.swift in Sources */,
				FAFB372D21FB01080062C3E3 /* Utils.swift in Sources */,
				FA6FC53721E8D093001BD85A /* TaskInfoViewModel.swift in Sources */,
				FA2230CC21D3C50700D602A7 /* APIWorklogType.swift in Sources */,
				FAD76B8821CD24DD0034F614 /* WorklogTaskCell.swift in Sources */,
				FAFA721221E398FC001F0214 /* TaskState.swift in Sources */,
				FAD76BA721CFE4810034F614 /* Worklog.swift in Sources */,
				FAD76B9F21CE4F6B0034F614 /* WorklogDetailsTypeCellViewModel.swift in Sources */,
				FAD76B6221CA8D590034F614 /* TaskCellViewModel.swift in Sources */,
				FAFD2E4822073B5500DD1952 /* AssigneeCellViewModel.swift in Sources */,
				FAFB372B21F8BB490062C3E3 /* UIView+searchSubview.swift in Sources */,
				FA2230CE21D3C73C00D602A7 /* Equatable+oneOf.swift in Sources */,
				FAF5996A21D5130000A4F4B9 /* SubmitDelegateProtocol.swift in Sources */,
				FAFD2E4E22074A0D00DD1952 /* AssigneesViewModel.swift in Sources */,
				FAFA720A21DF994B001F0214 /* CalendarCellViewModel.swift in Sources */,
				FA679A4621D134DD00FA6B93 /* PickerDelegateProtocol.swift in Sources */,
				FAD76B9B21CD3F630034F614 /* CellViewModelProtocol.swift in Sources */,
				FA679A4421D11B6600FA6B93 /* SubmitButtonViewModel.swift in Sources */,
				FAF5998321D795D900A4F4B9 /* CalendarCell.swift in Sources */,
				FAFA721021E39896001F0214 /* TaskType.swift in Sources */,
				FAFD2E4622073B0A00DD1952 /* AssigneeCell.swift in Sources */,
				FA2230CA21D3C48700D602A7 /* APIWorklogTypes.swift in Sources */,
				FAFA721421E4B06B001F0214 /* APITransition.swift in Sources */,
				FAF5998921D7B7B100A4F4B9 /* String+date.swift in Sources */,
				FA6ED6E121EC9B2A00727E1F /* APIEmployee.swift in Sources */,
				FAD76B9421CD3A170034F614 /* WorklogDetailsCellViewModel.swift in Sources */,
				FAD76B8C21CD251A0034F614 /* WorkLogTimePickerCell.swift in Sources */,
				FAF5997D21D78B4D00A4F4B9 /* WeekdaysView.swift in Sources */,
				FA2230D421D3CCD400D602A7 /* WorklogTypesCellViewModel.swift in Sources */,
				FAF5997721D78A9A00A4F4B9 /* CalendarController.swift in Sources */,
				FA6FC53521E8A0CE001BD85A /* UIAlertController+tintColor.swift in Sources */,
				FA2230D221D3CC1500D602A7 /* WorklogTypesViewModel.swift in Sources */,
				FAD4E36B21F0BFD9001CCC79 /* AppStyle.swift in Sources */,
				FA221F1121EF5F5D00CA1616 /* KeychainItemAccessibility.swift in Sources */,
				FAFA720C21E0AA4F001F0214 /* CalendarDelegateProtocol.swift in Sources */,
				FA6ED6DF21EC9AEC00727E1F /* Employee.swift in Sources */,
				FAD76B6021CA8D000034F614 /* TasksViewModel.swift in Sources */,
				FAF5998121D7955100A4F4B9 /* Date+CalendarDays.swift in Sources */,
				FA6FC53121E74CAA001BD85A /* TaskInfoController.swift in Sources */,
				FAD76B9D21CE4F2E0034F614 /* WorklogDetailsTimeCellViewModel.swift in Sources */,
				FAD76B6421CAAE160034F614 /* Box.swift in Sources */,
				FA221F1221EF5F5D00CA1616 /* KeychainWrapper.swift in Sources */,
				FAFD2E56220895B800DD1952 /* SettingsViewModel.swift in Sources */,
				FA2230C821D3B77700D602A7 /* WorklogType.swift in Sources */,
				FAD76B5721C901C60034F614 /* TaskCell.swift in Sources */,
				FAFB372921F640E20062C3E3 /* LoginViewModel.swift in Sources */,
				FAD76B4A21C7E8290034F614 /* Task.swift in Sources */,
				FAD76B5321C805570034F614 /* APITaskID.swift in Sources */,
				FAFD2E4C2207423C00DD1952 /* AssigneesController.swift in Sources */,
				FA6FC52F21E611D8001BD85A /* APIResponse.swift in Sources */,
				FAD76B5C21C9583F0034F614 /* APITaskExtra.swift in Sources */,
				FAFD2E5A2209CCB200DD1952 /* UserDefaults+setObject.swift in Sources */,
				FA679A4221D11B0D00FA6B93 /* SubmitButton.swift in Sources */,
				FAF5997C21D78B4D00A4F4B9 /* MonthView.swift in Sources */,
				FAFA721621E4BD17001F0214 /* APITargetState.swift in Sources */,
				FAD76BA121CE4F7E0034F614 /* WorklogDetailsDateCellViewModel.swift in Sources */,
				FA221F0821EF402F00CA1616 /* LoginController.swift in Sources */,
				FA3093A521C3DA1300A3B417 /* AppDelegate.swift in Sources */,
				FA6ED6E721EDCD7900727E1F /* EmployeesViewModel.swift in Sources */,
			);
			runOnlyForDeploymentPostprocessing = 0;
		};
/* End PBXSourcesBuildPhase section */

/* Begin PBXVariantGroup section */
		FA3093A821C3DA1300A3B417 /* Main.storyboard */ = {
			isa = PBXVariantGroup;
			children = (
				FA3093A921C3DA1300A3B417 /* Base */,
			);
			name = Main.storyboard;
			sourceTree = "<group>";
		};
		FA3093AD21C3DA1400A3B417 /* LaunchScreen.storyboard */ = {
			isa = PBXVariantGroup;
			children = (
				FA3093AE21C3DA1400A3B417 /* Base */,
			);
			name = LaunchScreen.storyboard;
			sourceTree = "<group>";
		};
/* End PBXVariantGroup section */

/* Begin XCBuildConfiguration section */
		FA3093B121C3DA1400A3B417 /* Debug */ = {
			isa = XCBuildConfiguration;
			buildSettings = {
				ALWAYS_SEARCH_USER_PATHS = NO;
				CLANG_ANALYZER_NONNULL = YES;
				CLANG_ANALYZER_NUMBER_OBJECT_CONVERSION = YES_AGGRESSIVE;
				CLANG_CXX_LANGUAGE_STANDARD = "gnu++14";
				CLANG_CXX_LIBRARY = "libc++";
				CLANG_ENABLE_MODULES = YES;
				CLANG_ENABLE_OBJC_ARC = YES;
				CLANG_ENABLE_OBJC_WEAK = YES;
				CLANG_WARN_BLOCK_CAPTURE_AUTORELEASING = YES;
				CLANG_WARN_BOOL_CONVERSION = YES;
				CLANG_WARN_COMMA = YES;
				CLANG_WARN_CONSTANT_CONVERSION = YES;
				CLANG_WARN_DEPRECATED_OBJC_IMPLEMENTATIONS = YES;
				CLANG_WARN_DIRECT_OBJC_ISA_USAGE = YES_ERROR;
				CLANG_WARN_DOCUMENTATION_COMMENTS = YES;
				CLANG_WARN_EMPTY_BODY = YES;
				CLANG_WARN_ENUM_CONVERSION = YES;
				CLANG_WARN_INFINITE_RECURSION = YES;
				CLANG_WARN_INT_CONVERSION = YES;
				CLANG_WARN_NON_LITERAL_NULL_CONVERSION = YES;
				CLANG_WARN_OBJC_IMPLICIT_RETAIN_SELF = YES;
				CLANG_WARN_OBJC_LITERAL_CONVERSION = YES;
				CLANG_WARN_OBJC_ROOT_CLASS = YES_ERROR;
				CLANG_WARN_RANGE_LOOP_ANALYSIS = YES;
				CLANG_WARN_STRICT_PROTOTYPES = YES;
				CLANG_WARN_SUSPICIOUS_MOVE = YES;
				CLANG_WARN_UNGUARDED_AVAILABILITY = YES_AGGRESSIVE;
				CLANG_WARN_UNREACHABLE_CODE = YES;
				CLANG_WARN__DUPLICATE_METHOD_MATCH = YES;
				CODE_SIGN_IDENTITY = "iPhone Developer";
				COPY_PHASE_STRIP = NO;
				DEBUG_INFORMATION_FORMAT = dwarf;
				ENABLE_STRICT_OBJC_MSGSEND = YES;
				ENABLE_TESTABILITY = YES;
				GCC_C_LANGUAGE_STANDARD = gnu11;
				GCC_DYNAMIC_NO_PIC = NO;
				GCC_NO_COMMON_BLOCKS = YES;
				GCC_OPTIMIZATION_LEVEL = 0;
				GCC_PREPROCESSOR_DEFINITIONS = (
					"DEBUG=1",
					"$(inherited)",
				);
				GCC_WARN_64_TO_32_BIT_CONVERSION = YES;
				GCC_WARN_ABOUT_RETURN_TYPE = YES_ERROR;
				GCC_WARN_UNDECLARED_SELECTOR = YES;
				GCC_WARN_UNINITIALIZED_AUTOS = YES_AGGRESSIVE;
				GCC_WARN_UNUSED_FUNCTION = YES;
				GCC_WARN_UNUSED_VARIABLE = YES;
				IPHONEOS_DEPLOYMENT_TARGET = 12.0;
				MTL_ENABLE_DEBUG_INFO = INCLUDE_SOURCE;
				MTL_FAST_MATH = YES;
				ONLY_ACTIVE_ARCH = YES;
				SDKROOT = iphoneos;
				SWIFT_ACTIVE_COMPILATION_CONDITIONS = DEBUG;
				SWIFT_OPTIMIZATION_LEVEL = "-Onone";
			};
			name = Debug;
		};
		FA3093B221C3DA1400A3B417 /* Release */ = {
			isa = XCBuildConfiguration;
			buildSettings = {
				ALWAYS_SEARCH_USER_PATHS = NO;
				CLANG_ANALYZER_NONNULL = YES;
				CLANG_ANALYZER_NUMBER_OBJECT_CONVERSION = YES_AGGRESSIVE;
				CLANG_CXX_LANGUAGE_STANDARD = "gnu++14";
				CLANG_CXX_LIBRARY = "libc++";
				CLANG_ENABLE_MODULES = YES;
				CLANG_ENABLE_OBJC_ARC = YES;
				CLANG_ENABLE_OBJC_WEAK = YES;
				CLANG_WARN_BLOCK_CAPTURE_AUTORELEASING = YES;
				CLANG_WARN_BOOL_CONVERSION = YES;
				CLANG_WARN_COMMA = YES;
				CLANG_WARN_CONSTANT_CONVERSION = YES;
				CLANG_WARN_DEPRECATED_OBJC_IMPLEMENTATIONS = YES;
				CLANG_WARN_DIRECT_OBJC_ISA_USAGE = YES_ERROR;
				CLANG_WARN_DOCUMENTATION_COMMENTS = YES;
				CLANG_WARN_EMPTY_BODY = YES;
				CLANG_WARN_ENUM_CONVERSION = YES;
				CLANG_WARN_INFINITE_RECURSION = YES;
				CLANG_WARN_INT_CONVERSION = YES;
				CLANG_WARN_NON_LITERAL_NULL_CONVERSION = YES;
				CLANG_WARN_OBJC_IMPLICIT_RETAIN_SELF = YES;
				CLANG_WARN_OBJC_LITERAL_CONVERSION = YES;
				CLANG_WARN_OBJC_ROOT_CLASS = YES_ERROR;
				CLANG_WARN_RANGE_LOOP_ANALYSIS = YES;
				CLANG_WARN_STRICT_PROTOTYPES = YES;
				CLANG_WARN_SUSPICIOUS_MOVE = YES;
				CLANG_WARN_UNGUARDED_AVAILABILITY = YES_AGGRESSIVE;
				CLANG_WARN_UNREACHABLE_CODE = YES;
				CLANG_WARN__DUPLICATE_METHOD_MATCH = YES;
				CODE_SIGN_IDENTITY = "iPhone Developer";
				COPY_PHASE_STRIP = NO;
				DEBUG_INFORMATION_FORMAT = "dwarf-with-dsym";
				ENABLE_NS_ASSERTIONS = NO;
				ENABLE_STRICT_OBJC_MSGSEND = YES;
				GCC_C_LANGUAGE_STANDARD = gnu11;
				GCC_NO_COMMON_BLOCKS = YES;
				GCC_WARN_64_TO_32_BIT_CONVERSION = YES;
				GCC_WARN_ABOUT_RETURN_TYPE = YES_ERROR;
				GCC_WARN_UNDECLARED_SELECTOR = YES;
				GCC_WARN_UNINITIALIZED_AUTOS = YES_AGGRESSIVE;
				GCC_WARN_UNUSED_FUNCTION = YES;
				GCC_WARN_UNUSED_VARIABLE = YES;
				IPHONEOS_DEPLOYMENT_TARGET = 12.0;
				MTL_ENABLE_DEBUG_INFO = NO;
				MTL_FAST_MATH = YES;
				SDKROOT = iphoneos;
				SWIFT_COMPILATION_MODE = wholemodule;
				SWIFT_OPTIMIZATION_LEVEL = "-O";
				VALIDATE_PRODUCT = YES;
			};
			name = Release;
		};
		FA3093B421C3DA1400A3B417 /* Debug */ = {
			isa = XCBuildConfiguration;
			buildSettings = {
				ASSETCATALOG_COMPILER_APPICON_NAME = AppIcon;
				CODE_SIGN_STYLE = Automatic;
				DEVELOPMENT_TEAM = CU9VA4YC8Q;
				INFOPLIST_FILE = iSigma/Info.plist;
				LD_RUNPATH_SEARCH_PATHS = (
					"$(inherited)",
					"@executable_path/Frameworks",
				);
				PRODUCT_BUNDLE_IDENTIFIER = com.alexdelin.iSigma;
				PRODUCT_NAME = "$(TARGET_NAME)";
				SWIFT_VERSION = 4.2;
				TARGETED_DEVICE_FAMILY = 1;
			};
			name = Debug;
		};
		FA3093B521C3DA1400A3B417 /* Release */ = {
			isa = XCBuildConfiguration;
			buildSettings = {
				ASSETCATALOG_COMPILER_APPICON_NAME = AppIcon;
				CODE_SIGN_STYLE = Automatic;
				DEVELOPMENT_TEAM = CU9VA4YC8Q;
				INFOPLIST_FILE = iSigma/Info.plist;
				LD_RUNPATH_SEARCH_PATHS = (
					"$(inherited)",
					"@executable_path/Frameworks",
				);
				PRODUCT_BUNDLE_IDENTIFIER = com.alexdelin.iSigma;
				PRODUCT_NAME = "$(TARGET_NAME)";
				SWIFT_VERSION = 4.2;
				TARGETED_DEVICE_FAMILY = 1;
			};
			name = Release;
		};
/* End XCBuildConfiguration section */

/* Begin XCConfigurationList section */
		FA30939C21C3DA1200A3B417 /* Build configuration list for PBXProject "iSigma" */ = {
			isa = XCConfigurationList;
			buildConfigurations = (
				FA3093B121C3DA1400A3B417 /* Debug */,
				FA3093B221C3DA1400A3B417 /* Release */,
			);
			defaultConfigurationIsVisible = 0;
			defaultConfigurationName = Release;
		};
		FA3093B321C3DA1400A3B417 /* Build configuration list for PBXNativeTarget "iSigma" */ = {
			isa = XCConfigurationList;
			buildConfigurations = (
				FA3093B421C3DA1400A3B417 /* Debug */,
				FA3093B521C3DA1400A3B417 /* Release */,
			);
			defaultConfigurationIsVisible = 0;
			defaultConfigurationName = Release;
		};
/* End XCConfigurationList section */
	};
	rootObject = FA30939921C3DA1200A3B417 /* Project object */;
}
